dependencies:
  espressif/mdns:
    component_hash: d36b265164be5139f92de993f08f5ecaa0de0c0acbf84deee1f10bb5902d04ff
    dependencies:
    - name: idf
      require: private
      version: '>=5.0'
    source:
      registry_url: https://components.espressif.com/
      type: service
    version: 1.4.3
  idf:
    source:
      type: idf
    version: 5.4.4
direct_dependencies:
- espressif/mdns
- idf
manifest_hash: eef174d48c1f9390e76d859b26799f04f0660794f3eee22ed2b9a2aa45ae0783
target: esp32s3
version: 2.0.0
